PODS:
  - Forge (1.0.9)
  - Satin (1.3.4)
  - Youi (2.0.4):
    - Satin

DEPENDENCIES:
  - Forge (from `../Forge`)
  - Satin (from `../Satin`)
  - Youi (from `../Youi`)

EXTERNAL SOURCES:
  Forge:
    :path: "../Forge"
  Satin:
    :path: "../Satin"
  Youi:
    :path: "../Youi"

SPEC CHECKSUMS:
  Forge: abca50ae8838a6d745b9a4e204bc2cb800546cef
  Satin: c8b8c80e461918ab3ab8a03f1138a54cb0172fda
  Youi: d10bf40e4e73a3d9fe484dc7e82d3193b413f9ef

PODFILE CHECKSUM: 4c905e9e6aa44f6d4504b61444242d32085f4649

COCOAPODS: 1.10.1
